
Microsoft Visual Studio Solution File, Format Version 12.00
# Visual Studio 14
VisualStudioVersion = 14.0.24720.0
MinimumVisualStudioVersion = 10.0.40219.1
Project("{FAE04EC0-301F-11D3-BF4B-00C04F79EFBC}") = "HaagsTranslator", "src\HaagsTranslator\HaagsTranslator.csproj", "{EAFF48B1-D748-422B-A423-2BAAD7A41E2C}"
EndProject
Project("{FAE04EC0-301F-11D3-BF4B-00C04F79EFBC}") = "HaagsTranslator.Tests", "src\HaagsTranslator.Tests\HaagsTranslator.Tests.csproj", "{EC75FA7E-FB7E-4CDE-9B32-9DEF582902D0}"
EndProject
Project("{2150E333-8FDC-42A3-9474-1A3956D46DE8}") = "nuget stuff", "nuget stuff", "{1BD6CA21-7B8A-4438-AA12-B3866AEBCBA5}"
	ProjectSection(SolutionItems) = preProject
		HaagsTranslator.nuspec = HaagsTranslator.nuspec
	EndProjectSection
EndProject
Project("{FAE04EC0-301F-11D3-BF4B-00C04F79EFBC}") = "HitsTester", "src\HitsTester\HitsTester.csproj", "{942C6A60-2EF2-405A-AEFB-200568009C3B}"
EndProject
Global
	GlobalSection(SolutionConfigurationPlatforms) = preSolution
		Debug|Any CPU = Debug|Any CPU
		Release|Any CPU = Release|Any CPU
	EndGlobalSection
	GlobalSection(ProjectConfigurationPlatforms) = postSolution
		{EAFF48B1-D748-422B-A423-2BAAD7A41E2C}.Debug|Any CPU.ActiveCfg = Debug|Any CPU
		{EAFF48B1-D748-422B-A423-2BAAD7A41E2C}.Debug|Any CPU.Build.0 = Debug|Any CPU
		{EAFF48B1-D748-422B-A423-2BAAD7A41E2C}.Release|Any CPU.ActiveCfg = Release|Any CPU
		{EAFF48B1-D748-422B-A423-2BAAD7A41E2C}.Release|Any CPU.Build.0 = Release|Any CPU
		{EC75FA7E-FB7E-4CDE-9B32-9DEF582902D0}.Debug|Any CPU.ActiveCfg = Debug|Any CPU
		{EC75FA7E-FB7E-4CDE-9B32-9DEF582902D0}.Debug|Any CPU.Build.0 = Debug|Any CPU
		{EC75FA7E-FB7E-4CDE-9B32-9DEF582902D0}.Release|Any CPU.ActiveCfg = Release|Any CPU
		{EC75FA7E-FB7E-4CDE-9B32-9DEF582902D0}.Release|Any CPU.Build.0 = Release|Any CPU
		{942C6A60-2EF2-405A-AEFB-200568009C3B}.Debug|Any CPU.ActiveCfg = Debug|Any CPU
		{942C6A60-2EF2-405A-AEFB-200568009C3B}.Debug|Any CPU.Build.0 = Debug|Any CPU
		{942C6A60-2EF2-405A-AEFB-200568009C3B}.Release|Any CPU.ActiveCfg = Release|Any CPU
		{942C6A60-2EF2-405A-AEFB-200568009C3B}.Release|Any CPU.Build.0 = Release|Any CPU
	EndGlobalSection
	GlobalSection(SolutionProperties) = preSolution
		HideSolutionNode = FALSE
	EndGlobalSection
EndGlobal
